<?xml version="1.0" encoding="utf-8"?>
<Project ToolsVersion="4.0" xmlns="http://schemas.microsoft.com/developer/msbuild/2003">
  <ItemGroup>
    <Filter Include="Resources">
      <UniqueIdentifier>{3fc385d3-6020-47db-8b0c-68356ae3fa89}</UniqueIdentifier>
      <Extensions>ico;cur;bmp;dlg;rc2;rct;bin;rgs;gif;jpg;jpeg;jpe</Extensions>
    </Filter>
    <Filter Include="Enemy">
      <UniqueIdentifier>{eb2eb274-64e3-45cb-aefc-e5ac6a47f6c9}</UniqueIdentifier>
    </Filter>
    <Filter Include="Enemy\AF-373">
      <UniqueIdentifier>{68eedc28-be7d-4046-8c8a-f9b0851fe228}</UniqueIdentifier>
    </Filter>
    <Filter Include="Player">
      <UniqueIdentifier>{c90d4282-9bdb-4856-b1f9-3b7ff77557ba}</UniqueIdentifier>
    </Filter>
    <Filter Include="Level">
      <UniqueIdentifier>{d629b728-1ff6-41d8-ae68-76f61d33d056}</UniqueIdentifier>
    </Filter>
    <Filter Include="LevelEditor">
      <UniqueIdentifier>{74136784-83e2-4dde-8dda-ac3cd1322783}</UniqueIdentifier>
    </Filter>
    <Filter Include="Weapon">
      <UniqueIdentifier>{e905bc70-d2d4-4b94-81c7-88fc2cc15cdc}</UniqueIdentifier>
    </Filter>
    <Filter Include="Console">
      <UniqueIdentifier>{0562bc0e-8e1c-433a-8255-e50c39494929}</UniqueIdentifier>
    </Filter>
    <Filter Include="Preferences">
      <UniqueIdentifier>{198fadb6-6256-46e3-bc77-f7c5d561b83a}</UniqueIdentifier>
    </Filter>
    <Filter Include="Bullet">
      <UniqueIdentifier>{1bdacbaa-ed27-4cd0-a93e-d93662280a62}</UniqueIdentifier>
    </Filter>
    <Filter Include="Camera">
      <UniqueIdentifier>{3684bc64-180e-46ca-9a37-6f58985dd3a6}</UniqueIdentifier>
    </Filter>
    <Filter Include="Collision">
      <UniqueIdentifier>{9323593e-b7b2-42c1-8bac-4baf2802686b}</UniqueIdentifier>
    </Filter>
    <Filter Include="Effects">
      <UniqueIdentifier>{5fbc90e3-e067-488f-b311-5df7c26e465f}</UniqueIdentifier>
    </Filter>
    <Filter Include="Globals">
      <UniqueIdentifier>{a199a3f9-7dce-4434-abf1-11954c093a29}</UniqueIdentifier>
    </Filter>
    <Filter Include="Game">
      <UniqueIdentifier>{53e02e8e-0fb1-4eab-8762-fa2dbb15c47c}</UniqueIdentifier>
    </Filter>
    <Filter Include="Sprite">
      <UniqueIdentifier>{c408395b-d1fa-4174-a54f-9d85ab525187}</UniqueIdentifier>
    </Filter>
    <Filter Include="Playlist">
      <UniqueIdentifier>{24290d73-99bb-4bbc-83ee-dff24f2be6fc}</UniqueIdentifier>
    </Filter>
    <Filter Include="Menus">
      <UniqueIdentifier>{6c60ab4c-f736-4012-9417-c53d66dda41f}</UniqueIdentifier>
    </Filter>
    <Filter Include="Menus\MainMenu">
      <UniqueIdentifier>{311ecbc9-b0b3-4020-8bfd-bd1f9e4b7d5b}</UniqueIdentifier>
    </Filter>
    <Filter Include="Menus\Options Menu">
      <UniqueIdentifier>{b8431de7-c060-4e22-9469-dd5938dd5904}</UniqueIdentifier>
    </Filter>
    <Filter Include="Menus\Slider">
      <UniqueIdentifier>{97aa7de7-fc32-45b7-91f7-4ff7005617cf}</UniqueIdentifier>
    </Filter>
    <Filter Include="Misc">
      <UniqueIdentifier>{a33baeea-0ddb-4ad9-9453-673500aad11d}</UniqueIdentifier>
    </Filter>
    <Filter Include="GraphicsObjects">
      <UniqueIdentifier>{8e0a203d-e623-4a9e-a446-3c07a471d9b5}</UniqueIdentifier>
    </Filter>
    <Filter Include="MasterBlaster">
      <UniqueIdentifier>{f9e8c3af-0a01-4343-a421-a4b368bb1a40}</UniqueIdentifier>
    </Filter>
    <Filter Include="TestSuite">
      <UniqueIdentifier>{325b0af5-85a8-495e-a904-7be0c251f807}</UniqueIdentifier>
    </Filter>
    <Filter Include="TestSuite\Console">
      <UniqueIdentifier>{92ad5a6a-0917-450e-a051-4de4deda9d29}</UniqueIdentifier>
    </Filter>
    <Filter Include="TestSuite\Collision">
      <UniqueIdentifier>{15993b95-8e76-4736-8b09-05aa9d8ee223}</UniqueIdentifier>
    </Filter>
    <Filter Include="TestSuite\LevelEditor">
      <UniqueIdentifier>{3c3010ba-5f48-4bb9-8172-e507371f48b8}</UniqueIdentifier>
    </Filter>
    <Filter Include="TestSuite\Level">
      <UniqueIdentifier>{d0b88fb8-c616-4ab5-98b8-e7770da8456f}</UniqueIdentifier>
    </Filter>
    <Filter Include="TestSuite\SettingsPreferences">
      <UniqueIdentifier>{2022783a-2da1-4e17-ac7b-8c7762eeca02}</UniqueIdentifier>
    </Filter>
  </ItemGroup>
  <ItemGroup>
    <Image Include="icon1.ico">
      <Filter>Resources</Filter>
    </Image>
  </ItemGroup>
  <ItemGroup>
    <ResourceCompile Include="Skript.rc">
      <Filter>Resources</Filter>
    </ResourceCompile>
  </ItemGroup>
  <ItemGroup>
    <ClCompile Include="..\enemy.cpp">
      <Filter>Enemy</Filter>
    </ClCompile>
    <ClCompile Include="..\AF-373.cpp">
      <Filter>Enemy\AF-373</Filter>
    </ClCompile>
    <ClCompile Include="..\player.cpp">
      <Filter>Player</Filter>
    </ClCompile>
    <ClCompile Include="..\level.cpp">
      <Filter>Level</Filter>
    </ClCompile>
    <ClCompile Include="..\leveleditor.cpp">
      <Filter>LevelEditor</Filter>
    </ClCompile>
    <ClCompile Include="..\MultiSelect.cpp">
      <Filter>LevelEditor</Filter>
    </ClCompile>
    <ClCompile Include="..\weapon.cpp">
      <Filter>Weapon</Filter>
    </ClCompile>
    <ClCompile Include="..\console.cpp">
      <Filter>Console</Filter>
    </ClCompile>
    <ClCompile Include="..\preferences.cpp">
      <Filter>Preferences</Filter>
    </ClCompile>
    <ClCompile Include="..\bullet.cpp">
      <Filter>Bullet</Filter>
    </ClCompile>
    <ClCompile Include="..\Camera.cpp">
      <Filter>Camera</Filter>
    </ClCompile>
    <ClCompile Include="..\Collision.cpp">
      <Filter>Collision</Filter>
    </ClCompile>
    <ClCompile Include="..\effects.cpp">
      <Filter>Effects</Filter>
    </ClCompile>
    <ClCompile Include="..\Globals.cpp">
      <Filter>Globals</Filter>
    </ClCompile>
    <ClCompile Include="..\Game.cpp">
      <Filter>Game</Filter>
    </ClCompile>
    <ClCompile Include="..\MiniEngine.cpp">
      <Filter>Game</Filter>
    </ClCompile>
    <ClCompile Include="..\sprite.cpp">
      <Filter>Sprite</Filter>
    </ClCompile>
    <ClCompile Include="..\playlist.cpp">
      <Filter>Playlist</Filter>
    </ClCompile>
    <ClCompile Include="..\Menu.cpp">
      <Filter>Menus</Filter>
    </ClCompile>
    <ClCompile Include="..\MainMenu.cpp">
      <Filter>Menus\MainMenu</Filter>
    </ClCompile>
    <ClCompile Include="..\OptionsMenu.cpp">
      <Filter>Menus\Options Menu</Filter>
    </ClCompile>
    <ClCompile Include="..\Slider.cpp">
      <Filter>Menus\Slider</Filter>
    </ClCompile>
    <ClCompile Include="..\Misc.cpp">
      <Filter>Misc</Filter>
    </ClCompile>
    <ClCompile Include="..\ButtonObject.cpp">
      <Filter>GraphicsObjects</Filter>
    </ClCompile>
    <ClCompile Include="..\TextObject.cpp">
      <Filter>GraphicsObjects</Filter>
    </ClCompile>
    <ClCompile Include="..\MasterBlaster.cpp">
      <Filter>MasterBlaster</Filter>
    </ClCompile>
    <ClCompile Include="..\main.cpp" />
    <ClCompile Include="..\TestSuite\TestHelpFunctions.cpp">
      <Filter>TestSuite</Filter>
    </ClCompile>
    <ClCompile Include="..\TestSuite\TestSuite.cpp">
      <Filter>TestSuite</Filter>
    </ClCompile>
    <ClCompile Include="..\TestSuite\TestComponents\Console\ConsoleTest.cpp">
      <Filter>TestSuite\Console</Filter>
    </ClCompile>
    <ClCompile Include="..\TestSuite\TestComponents\Collision\CollisionTest.cpp">
      <Filter>TestSuite\Collision</Filter>
    </ClCompile>
    <ClCompile Include="..\TestSuite\TestComponents\LevelEditor\LevelEditorTest.cpp">
      <Filter>TestSuite\LevelEditor</Filter>
    </ClCompile>
    <ClCompile Include="..\TestSuite\TestComponents\Level\LevelTest.cpp">
      <Filter>TestSuite\Level</Filter>
    </ClCompile>
    <ClCompile Include="..\TestSuite\TestComponents\SettingsPreferences\SettingsPreferencesTest.cpp">
      <Filter>TestSuite\SettingsPreferences</Filter>
    </ClCompile>
  </ItemGroup>
  <ItemGroup>
    <ClInclude Include="..\include\enemy.h">
      <Filter>Enemy</Filter>
    </ClInclude>
    <ClInclude Include="..\include\AF-373.h">
      <Filter>Enemy\AF-373</Filter>
    </ClInclude>
    <ClInclude Include="..\include\player.h">
      <Filter>Player</Filter>
    </ClInclude>
    <ClInclude Include="..\include\level.h">
      <Filter>Level</Filter>
    </ClInclude>
    <ClInclude Include="..\include\leveleditor.h">
      <Filter>LevelEditor</Filter>
    </ClInclude>
    <ClInclude Include="..\include\MultiSelect.h">
      <Filter>LevelEditor</Filter>
    </ClInclude>
    <ClInclude Include="..\include\weapon.h">
      <Filter>Weapon</Filter>
    </ClInclude>
    <ClInclude Include="..\include\console.h">
      <Filter>Console</Filter>
    </ClInclude>
    <ClInclude Include="..\include\preferences.h">
      <Filter>Preferences</Filter>
    </ClInclude>
    <ClInclude Include="..\include\bullet.h">
      <Filter>Bullet</Filter>
    </ClInclude>
    <ClInclude Include="..\include\Camera.h">
      <Filter>Camera</Filter>
    </ClInclude>
    <ClInclude Include="..\include\Collision.h">
      <Filter>Collision</Filter>
    </ClInclude>
    <ClInclude Include="..\include\effects.h">
      <Filter>Effects</Filter>
    </ClInclude>
    <ClInclude Include="..\include\defines.h">
      <Filter>Globals</Filter>
    </ClInclude>
    <ClInclude Include="..\include\Globals.h">
      <Filter>Globals</Filter>
    </ClInclude>
    <ClInclude Include="..\include\Game.h">
      <Filter>Game</Filter>
    </ClInclude>
    <ClInclude Include="..\include\MiniEngine.h">
      <Filter>Game</Filter>
    </ClInclude>
    <ClInclude Include="..\include\sprite.h">
      <Filter>Sprite</Filter>
    </ClInclude>
    <ClInclude Include="..\include\playlist.h">
      <Filter>Playlist</Filter>
    </ClInclude>
    <ClInclude Include="..\include\Menu.h">
      <Filter>Menus</Filter>
    </ClInclude>
    <ClInclude Include="..\include\MainMenu.h">
      <Filter>Menus\MainMenu</Filter>
    </ClInclude>
    <ClInclude Include="..\include\OptionsMenu.h">
      <Filter>Menus\Options Menu</Filter>
    </ClInclude>
    <ClInclude Include="..\include\Range.h">
      <Filter>Menus\Slider</Filter>
    </ClInclude>
    <ClInclude Include="..\include\Slider.h">
      <Filter>Menus\Slider</Filter>
    </ClInclude>
    <ClInclude Include="..\include\Misc.h">
      <Filter>Misc</Filter>
    </ClInclude>
    <ClInclude Include="..\include\ButtonObject.h">
      <Filter>GraphicsObjects</Filter>
    </ClInclude>
    <ClInclude Include="..\include\GraphicsObject.h">
      <Filter>GraphicsObjects</Filter>
    </ClInclude>
    <ClInclude Include="..\include\ObjectManager.h">
      <Filter>GraphicsObjects</Filter>
    </ClInclude>
    <ClInclude Include="..\include\TextObject.h">
      <Filter>GraphicsObjects</Filter>
    </ClInclude>
    <ClInclude Include="..\include\MasterBlaster.h">
      <Filter>MasterBlaster</Filter>
    </ClInclude>
    <ClInclude Include="..\include\boost.h" />
    <ClInclude Include="..\doxygen.h" />
    <ClInclude Include="..\include\OS.h" />
    <ClInclude Include="..\TestSuite\TestComponent.h">
      <Filter>TestSuite</Filter>
    </ClInclude>
    <ClInclude Include="..\TestSuite\TestDefinitions.h">
      <Filter>TestSuite</Filter>
    </ClInclude>
    <ClInclude Include="..\TestSuite\TestHelperFunctions.h">
      <Filter>TestSuite</Filter>
    </ClInclude>
    <ClInclude Include="..\TestSuite\TestStream.h">
      <Filter>TestSuite</Filter>
    </ClInclude>
    <ClInclude Include="..\TestSuite\TestSuite.h">
      <Filter>TestSuite</Filter>
    </ClInclude>
    <ClInclude Include="..\TestSuite\TestComponents\Console\ConsoleTest.h">
      <Filter>TestSuite\Console</Filter>
    </ClInclude>
    <ClInclude Include="..\TestSuite\TestComponents\Collision\CollisionTest.h">
      <Filter>TestSuite\Collision</Filter>
    </ClInclude>
    <ClInclude Include="..\TestSuite\TestComponents\LevelEditor\LevelEditorTest.h">
      <Filter>TestSuite\LevelEditor</Filter>
    </ClInclude>
    <ClInclude Include="..\TestSuite\TestComponents\Level\LevelTest.h">
      <Filter>TestSuite\Level</Filter>
    </ClInclude>
    <ClInclude Include="..\TestSuite\TestComponents\SettingsPreferences\SettingsPreferencesTest.h">
      <Filter>TestSuite\SettingsPreferences</Filter>
    </ClInclude>
  </ItemGroup>
</Project>